
Microsoft Visual Studio Solution File, Format Version 12.00
# Visual Studio Version 17
VisualStudioVersion = 17.13.35825.156 d17.13
MinimumVisualStudioVersion = 10.0.40219.1
Project("{FAE04EC0-301F-11D3-BF4B-00C04F79EFBC}") = "AutokWPF", "AutokWPF\AutokWPF.csproj", "{77AD501E-0891-47A5-8415-E180EEB9AB71}"
EndProject
Global
	GlobalSection(SolutionConfigurationPlatforms) = preSolution
		Debug|Any CPU = Debug|Any CPU
		Release|Any CPU = Release|Any CPU
	EndGlobalSection
	GlobalSection(ProjectConfigurationPlatforms) = postSolution
		{77AD501E-0891-47A5-8415-E180EEB9AB71}.Debug|Any CPU.ActiveCfg = Debug|Any CPU
		{77AD501E-0891-47A5-8415-E180EEB9AB71}.Debug|Any CPU.Build.0 = Debug|Any CPU
		{77AD501E-0891-47A5-8415-E180EEB9AB71}.Release|Any CPU.ActiveCfg = Release|Any CPU
		{77AD501E-0891-47A5-8415-E180EEB9AB71}.Release|Any CPU.Build.0 = Release|Any CPU
	EndGlobalSection
	GlobalSection(SolutionProperties) = preSolution
		HideSolutionNode = FALSE
	EndGlobalSection
	GlobalSection(ExtensibilityGlobals) = postSolution
		SolutionGuid = {87125915-0DC8-45AC-B67A-151A9784CDA1}
	EndGlobalSection
EndGlobal
